
Microsoft Visual Studio Solution File, Format Version 12.00
# Visual Studio Version 16
VisualStudioVersion = 16.0.33529.622
MinimumVisualStudioVersion = 10.0.40219.1
Project("{FAE04EC0-301F-11D3-BF4B-00C04F79EFBC}") = "VebProdavnica", "VebProdavnica\VebProdavnica.csproj", "{42F7779C-E226-414F-834A-E69A4CAF3812}"
EndProject
Global
	GlobalSection(SolutionConfigurationPlatforms) = preSolution
		Debug|Any CPU = Debug|Any CPU
		Release|Any CPU = Release|Any CPU
	EndGlobalSection
	GlobalSection(ProjectConfigurationPlatforms) = postSolution
		{42F7779C-E226-414F-834A-E69A4CAF3812}.Debug|Any CPU.ActiveCfg = Debug|Any CPU
		{42F7779C-E226-414F-834A-E69A4CAF3812}.Debug|Any CPU.Build.0 = Debug|Any CPU
		{42F7779C-E226-414F-834A-E69A4CAF3812}.Release|Any CPU.ActiveCfg = Release|Any CPU
		{42F7779C-E226-414F-834A-E69A4CAF3812}.Release|Any CPU.Build.0 = Release|Any CPU
	EndGlobalSection
	GlobalSection(SolutionProperties) = preSolution
		HideSolutionNode = FALSE
	EndGlobalSection
	GlobalSection(ExtensibilityGlobals) = postSolution
		SolutionGuid = {00DA762B-5022-48D2-BF85-AC9B446E444C}
	EndGlobalSection
EndGlobal
